
Microsoft Visual Studio Solution File, Format Version 12.00
# Visual Studio Version 17
VisualStudioVersion = 17.14.36221.1
MinimumVisualStudioVersion = 10.0.40219.1
Project("{2150E333-8FDC-42A3-9474-1A3956D46DE8}") = "書式設定", "書式設定", "{2022CB0F-8BAF-F49E-0C48-8EF4C96EC109}"
	ProjectSection(SolutionItems) = preProject
		.editorconfig = .editorconfig
	EndProjectSection
EndProject
Project("{8BC9CEB8-8B4A-11D0-8D11-00A0C91BC942}") = "01_01", "01_01\01_01.vcxproj", "{8D8D8DE1-B394-466B-A366-F2817421F872}"
EndProject
Project("{8BC9CEB8-8B4A-11D0-8D11-00A0C91BC942}") = "00_01", "00_01\00_01.vcxproj", "{FED47A31-7CAE-478F-A682-DE7FAB7BEB25}"
EndProject
Project("{8BC9CEB8-8B4A-11D0-8D11-00A0C91BC942}") = "01_02", "01_02\01_02.vcxproj", "{8CEB5FFB-6C14-46DA-B79F-870B709239AF}"
EndProject
Project("{8BC9CEB8-8B4A-11D0-8D11-00A0C91BC942}") = "02_01", "02_01\02_01.vcxproj", "{849C8A22-A1B0-4B32-86F2-69C23DD67BB0}"
EndProject
Project("{8BC9CEB8-8B4A-11D0-8D11-00A0C91BC942}") = "02_02", "02_02\02_02.vcxproj", "{4D50BF6D-A243-4301-9F1B-6040330C2257}"
EndProject
Project("{8BC9CEB8-8B4A-11D0-8D11-00A0C91BC942}") = "02_03", "02_03\02_03.vcxproj", "{185A603E-F7BA-405B-93FD-045BF71EE833}"
EndProject
Project("{8BC9CEB8-8B4A-11D0-8D11-00A0C91BC942}") = "02_04", "02_04\02_04.vcxproj", "{BF620B7D-F785-4DDC-A887-280C5BF1E362}"
EndProject
Project("{8BC9CEB8-8B4A-11D0-8D11-00A0C91BC942}") = "03_01", "03_01\03_01.vcxproj", "{C35A1870-A401-489F-ABBF-AC1D8CD989AA}"
EndProject
Project("{8BC9CEB8-8B4A-11D0-8D11-00A0C91BC942}") = "03_02", "03_02\03_02.vcxproj", "{663498BF-494E-4275-98E1-BC3E75E5DDBC}"
EndProject
Project("{8BC9CEB8-8B4A-11D0-8D11-00A0C91BC942}") = "03_03", "03_03\03_03.vcxproj", "{24CD59AD-B595-41C3-AEA3-4F5ED8FE5F60}"
EndProject
Project("{8BC9CEB8-8B4A-11D0-8D11-00A0C91BC942}") = "03_04", "03_04\03_04.vcxproj", "{A4E72758-DF53-4D35-8E42-71831105C6D8}"
EndProject
Project("{8BC9CEB8-8B4A-11D0-8D11-00A0C91BC942}") = "04_01", "04_01\04_01.vcxproj", "{F6D76A9F-569A-47AA-9661-A8560B58BE0F}"
EndProject
Project("{8BC9CEB8-8B4A-11D0-8D11-00A0C91BC942}") = "05_01", "5-1\5-1.vcxproj", "{69D82F4C-BF57-499A-A694-9FA2F7E5C3D5}"
EndProject
Project("{8BC9CEB8-8B4A-11D0-8D11-00A0C91BC942}") = "06_01", "06_01\06_01.vcxproj", "{D80ACF7D-F8E6-4538-8082-3EA5442A89B1}"
EndProject
Project("{8BC9CEB8-8B4A-11D0-8D11-00A0C91BC942}") = "06_02", "06_02\06_02.vcxproj", "{CACA7184-61F3-4D49-AF5C-7C8D5F00581B}"
EndProject
Global
	GlobalSection(SolutionConfigurationPlatforms) = preSolution
		Debug|x64 = Debug|x64
		Debug|x86 = Debug|x86
		Release|x64 = Release|x64
		Release|x86 = Release|x86
	EndGlobalSection
	GlobalSection(ProjectConfigurationPlatforms) = postSolution
		{8D8D8DE1-B394-466B-A366-F2817421F872}.Debug|x64.ActiveCfg = Debug|x64
		{8D8D8DE1-B394-466B-A366-F2817421F872}.Debug|x64.Build.0 = Debug|x64
		{8D8D8DE1-B394-466B-A366-F2817421F872}.Debug|x86.ActiveCfg = Debug|Win32
		{8D8D8DE1-B394-466B-A366-F2817421F872}.Debug|x86.Build.0 = Debug|Win32
		{8D8D8DE1-B394-466B-A366-F2817421F872}.Release|x64.ActiveCfg = Release|x64
		{8D8D8DE1-B394-466B-A366-F2817421F872}.Release|x64.Build.0 = Release|x64
		{8D8D8DE1-B394-466B-A366-F2817421F872}.Release|x86.ActiveCfg = Release|Win32
		{8D8D8DE1-B394-466B-A366-F2817421F872}.Release|x86.Build.0 = Release|Win32
		{FED47A31-7CAE-478F-A682-DE7FAB7BEB25}.Debug|x64.ActiveCfg = Debug|x64
		{FED47A31-7CAE-478F-A682-DE7FAB7BEB25}.Debug|x64.Build.0 = Debug|x64
		{FED47A31-7CAE-478F-A682-DE7FAB7BEB25}.Debug|x86.ActiveCfg = Debug|Win32
		{FED47A31-7CAE-478F-A682-DE7FAB7BEB25}.Debug|x86.Build.0 = Debug|Win32
		{FED47A31-7CAE-478F-A682-DE7FAB7BEB25}.Release|x64.ActiveCfg = Release|x64
		{FED47A31-7CAE-478F-A682-DE7FAB7BEB25}.Release|x64.Build.0 = Release|x64
		{FED47A31-7CAE-478F-A682-DE7FAB7BEB25}.Release|x86.ActiveCfg = Release|Win32
		{FED47A31-7CAE-478F-A682-DE7FAB7BEB25}.Release|x86.Build.0 = Release|Win32
		{8CEB5FFB-6C14-46DA-B79F-870B709239AF}.Debug|x64.ActiveCfg = Debug|x64
		{8CEB5FFB-6C14-46DA-B79F-870B709239AF}.Debug|x64.Build.0 = Debug|x64
		{8CEB5FFB-6C14-46DA-B79F-870B709239AF}.Debug|x86.ActiveCfg = Debug|Win32
		{8CEB5FFB-6C14-46DA-B79F-870B709239AF}.Debug|x86.Build.0 = Debug|Win32
		{8CEB5FFB-6C14-46DA-B79F-870B709239AF}.Release|x64.ActiveCfg = Release|x64
		{8CEB5FFB-6C14-46DA-B79F-870B709239AF}.Release|x64.Build.0 = Release|x64
		{8CEB5FFB-6C14-46DA-B79F-870B709239AF}.Release|x86.ActiveCfg = Release|Win32
		{8CEB5FFB-6C14-46DA-B79F-870B709239AF}.Release|x86.Build.0 = Release|Win32
		{849C8A22-A1B0-4B32-86F2-69C23DD67BB0}.Debug|x64.ActiveCfg = Debug|x64
		{849C8A22-A1B0-4B32-86F2-69C23DD67BB0}.Debug|x64.Build.0 = Debug|x64
		{849C8A22-A1B0-4B32-86F2-69C23DD67BB0}.Debug|x86.ActiveCfg = Debug|Win32
		{849C8A22-A1B0-4B32-86F2-69C23DD67BB0}.Debug|x86.Build.0 = Debug|Win32
		{849C8A22-A1B0-4B32-86F2-69C23DD67BB0}.Release|x64.ActiveCfg = Release|x64
		{849C8A22-A1B0-4B32-86F2-69C23DD67BB0}.Release|x64.Build.0 = Release|x64
		{849C8A22-A1B0-4B32-86F2-69C23DD67BB0}.Release|x86.ActiveCfg = Release|Win32
		{849C8A22-A1B0-4B32-86F2-69C23DD67BB0}.Release|x86.Build.0 = Release|Win32
		{4D50BF6D-A243-4301-9F1B-6040330C2257}.Debug|x64.ActiveCfg = Debug|x64
		{4D50BF6D-A243-4301-9F1B-6040330C2257}.Debug|x64.Build.0 = Debug|x64
		{4D50BF6D-A243-4301-9F1B-6040330C2257}.Debug|x86.ActiveCfg = Debug|Win32
		{4D50BF6D-A243-4301-9F1B-6040330C2257}.Debug|x86.Build.0 = Debug|Win32
		{4D50BF6D-A243-4301-9F1B-6040330C2257}.Release|x64.ActiveCfg = Release|x64
		{4D50BF6D-A243-4301-9F1B-6040330C2257}.Release|x64.Build.0 = Release|x64
		{4D50BF6D-A243-4301-9F1B-6040330C2257}.Release|x86.ActiveCfg = Release|Win32
		{4D50BF6D-A243-4301-9F1B-6040330C2257}.Release|x86.Build.0 = Release|Win32
		{185A603E-F7BA-405B-93FD-045BF71EE833}.Debug|x64.ActiveCfg = Debug|x64
		{185A603E-F7BA-405B-93FD-045BF71EE833}.Debug|x64.Build.0 = Debug|x64
		{185A603E-F7BA-405B-93FD-045BF71EE833}.Debug|x86.ActiveCfg = Debug|Win32
		{185A603E-F7BA-405B-93FD-045BF71EE833}.Debug|x86.Build.0 = Debug|Win32
		{185A603E-F7BA-405B-93FD-045BF71EE833}.Release|x64.ActiveCfg = Release|x64
		{185A603E-F7BA-405B-93FD-045BF71EE833}.Release|x64.Build.0 = Release|x64
		{185A603E-F7BA-405B-93FD-045BF71EE833}.Release|x86.ActiveCfg = Release|Win32
		{185A603E-F7BA-405B-93FD-045BF71EE833}.Release|x86.Build.0 = Release|Win32
		{BF620B7D-F785-4DDC-A887-280C5BF1E362}.Debug|x64.ActiveCfg = Debug|x64
		{BF620B7D-F785-4DDC-A887-280C5BF1E362}.Debug|x64.Build.0 = Debug|x64
		{BF620B7D-F785-4DDC-A887-280C5BF1E362}.Debug|x86.ActiveCfg = Debug|Win32
		{BF620B7D-F785-4DDC-A887-280C5BF1E362}.Debug|x86.Build.0 = Debug|Win32
		{BF620B7D-F785-4DDC-A887-280C5BF1E362}.Release|x64.ActiveCfg = Release|x64
		{BF620B7D-F785-4DDC-A887-280C5BF1E362}.Release|x64.Build.0 = Release|x64
		{BF620B7D-F785-4DDC-A887-280C5BF1E362}.Release|x86.ActiveCfg = Release|Win32
		{BF620B7D-F785-4DDC-A887-280C5BF1E362}.Release|x86.Build.0 = Release|Win32
		{C35A1870-A401-489F-ABBF-AC1D8CD989AA}.Debug|x64.ActiveCfg = Debug|x64
		{C35A1870-A401-489F-ABBF-AC1D8CD989AA}.Debug|x64.Build.0 = Debug|x64
		{C35A1870-A401-489F-ABBF-AC1D8CD989AA}.Debug|x86.ActiveCfg = Debug|Win32
		{C35A1870-A401-489F-ABBF-AC1D8CD989AA}.Debug|x86.Build.0 = Debug|Win32
		{C35A1870-A401-489F-ABBF-AC1D8CD989AA}.Release|x64.ActiveCfg = Release|x64
		{C35A1870-A401-489F-ABBF-AC1D8CD989AA}.Release|x64.Build.0 = Release|x64
		{C35A1870-A401-489F-ABBF-AC1D8CD989AA}.Release|x86.ActiveCfg = Release|Win32
		{C35A1870-A401-489F-ABBF-AC1D8CD989AA}.Release|x86.Build.0 = Release|Win32
		{663498BF-494E-4275-98E1-BC3E75E5DDBC}.Debug|x64.ActiveCfg = Debug|x64
		{663498BF-494E-4275-98E1-BC3E75E5DDBC}.Debug|x64.Build.0 = Debug|x64
		{663498BF-494E-4275-98E1-BC3E75E5DDBC}.Debug|x86.ActiveCfg = Debug|Win32
		{663498BF-494E-4275-98E1-BC3E75E5DDBC}.Debug|x86.Build.0 = Debug|Win32
		{663498BF-494E-4275-98E1-BC3E75E5DDBC}.Release|x64.ActiveCfg = Release|x64
		{663498BF-494E-4275-98E1-BC3E75E5DDBC}.Release|x64.Build.0 = Release|x64
		{663498BF-494E-4275-98E1-BC3E75E5DDBC}.Release|x86.ActiveCfg = Release|Win32
		{663498BF-494E-4275-98E1-BC3E75E5DDBC}.Release|x86.Build.0 = Release|Win32
		{24CD59AD-B595-41C3-AEA3-4F5ED8FE5F60}.Debug|x64.ActiveCfg = Debug|x64
		{24CD59AD-B595-41C3-AEA3-4F5ED8FE5F60}.Debug|x64.Build.0 = Debug|x64
		{24CD59AD-B595-41C3-AEA3-4F5ED8FE5F60}.Debug|x86.ActiveCfg = Debug|Win32
		{24CD59AD-B595-41C3-AEA3-4F5ED8FE5F60}.Debug|x86.Build.0 = Debug|Win32
		{24CD59AD-B595-41C3-AEA3-4F5ED8FE5F60}.Release|x64.ActiveCfg = Release|x64
		{24CD59AD-B595-41C3-AEA3-4F5ED8FE5F60}.Release|x64.Build.0 = Release|x64
		{24CD59AD-B595-41C3-AEA3-4F5ED8FE5F60}.Release|x86.ActiveCfg = Release|Win32
		{24CD59AD-B595-41C3-AEA3-4F5ED8FE5F60}.Release|x86.Build.0 = Release|Win32
		{A4E72758-DF53-4D35-8E42-71831105C6D8}.Debug|x64.ActiveCfg = Debug|x64
		{A4E72758-DF53-4D35-8E42-71831105C6D8}.Debug|x64.Build.0 = Debug|x64
		{A4E72758-DF53-4D35-8E42-71831105C6D8}.Debug|x86.ActiveCfg = Debug|Win32
		{A4E72758-DF53-4D35-8E42-71831105C6D8}.Debug|x86.Build.0 = Debug|Win32
		{A4E72758-DF53-4D35-8E42-71831105C6D8}.Release|x64.ActiveCfg = Release|x64
		{A4E72758-DF53-4D35-8E42-71831105C6D8}.Release|x64.Build.0 = Release|x64
		{A4E72758-DF53-4D35-8E42-71831105C6D8}.Release|x86.ActiveCfg = Release|Win32
		{A4E72758-DF53-4D35-8E42-71831105C6D8}.Release|x86.Build.0 = Release|Win32
		{F6D76A9F-569A-47AA-9661-A8560B58BE0F}.Debug|x64.ActiveCfg = Debug|x64
		{F6D76A9F-569A-47AA-9661-A8560B58BE0F}.Debug|x64.Build.0 = Debug|x64
		{F6D76A9F-569A-47AA-9661-A8560B58BE0F}.Debug|x86.ActiveCfg = Debug|x64
		{F6D76A9F-569A-47AA-9661-A8560B58BE0F}.Debug|x86.Build.0 = Debug|x64
		{F6D76A9F-569A-47AA-9661-A8560B58BE0F}.Release|x64.ActiveCfg = Release|x64
		{F6D76A9F-569A-47AA-9661-A8560B58BE0F}.Release|x64.Build.0 = Release|x64
		{F6D76A9F-569A-47AA-9661-A8560B58BE0F}.Release|x86.ActiveCfg = Release|x64
		{F6D76A9F-569A-47AA-9661-A8560B58BE0F}.Release|x86.Build.0 = Release|x64
		{69D82F4C-BF57-499A-A694-9FA2F7E5C3D5}.Debug|x64.ActiveCfg = Debug|x64
		{69D82F4C-BF57-499A-A694-9FA2F7E5C3D5}.Debug|x64.Build.0 = Debug|x64
		{69D82F4C-BF57-499A-A694-9FA2F7E5C3D5}.Debug|x86.ActiveCfg = Debug|x64
		{69D82F4C-BF57-499A-A694-9FA2F7E5C3D5}.Debug|x86.Build.0 = Debug|x64
		{69D82F4C-BF57-499A-A694-9FA2F7E5C3D5}.Release|x64.ActiveCfg = Release|x64
		{69D82F4C-BF57-499A-A694-9FA2F7E5C3D5}.Release|x64.Build.0 = Release|x64
		{69D82F4C-BF57-499A-A694-9FA2F7E5C3D5}.Release|x86.ActiveCfg = Release|x64
		{69D82F4C-BF57-499A-A694-9FA2F7E5C3D5}.Release|x86.Build.0 = Release|x64
		{D80ACF7D-F8E6-4538-8082-3EA5442A89B1}.Debug|x64.ActiveCfg = Debug|x64
		{D80ACF7D-F8E6-4538-8082-3EA5442A89B1}.Debug|x64.Build.0 = Debug|x64
		{D80ACF7D-F8E6-4538-8082-3EA5442A89B1}.Debug|x86.ActiveCfg = Debug|Win32
		{D80ACF7D-F8E6-4538-8082-3EA5442A89B1}.Debug|x86.Build.0 = Debug|Win32
		{D80ACF7D-F8E6-4538-8082-3EA5442A89B1}.Release|x64.ActiveCfg = Release|x64
		{D80ACF7D-F8E6-4538-8082-3EA5442A89B1}.Release|x64.Build.0 = Release|x64
		{D80ACF7D-F8E6-4538-8082-3EA5442A89B1}.Release|x86.ActiveCfg = Release|Win32
		{D80ACF7D-F8E6-4538-8082-3EA5442A89B1}.Release|x86.Build.0 = Release|Win32
		{CACA7184-61F3-4D49-AF5C-7C8D5F00581B}.Debug|x64.ActiveCfg = Debug|x64
		{CACA7184-61F3-4D49-AF5C-7C8D5F00581B}.Debug|x64.Build.0 = Debug|x64
		{CACA7184-61F3-4D49-AF5C-7C8D5F00581B}.Debug|x86.ActiveCfg = Debug|Win32
		{CACA7184-61F3-4D49-AF5C-7C8D5F00581B}.Debug|x86.Build.0 = Debug|Win32
		{CACA7184-61F3-4D49-AF5C-7C8D5F00581B}.Release|x64.ActiveCfg = Release|x64
		{CACA7184-61F3-4D49-AF5C-7C8D5F00581B}.Release|x64.Build.0 = Release|x64
		{CACA7184-61F3-4D49-AF5C-7C8D5F00581B}.Release|x86.ActiveCfg = Release|Win32
		{CACA7184-61F3-4D49-AF5C-7C8D5F00581B}.Release|x86.Build.0 = Release|Win32
	EndGlobalSection
	GlobalSection(SolutionProperties) = preSolution
		HideSolutionNode = FALSE
	EndGlobalSection
	GlobalSection(ExtensibilityGlobals) = postSolution
		SolutionGuid = {2E243D23-A68E-498F-B2DD-0A8FAC0AAB45}
	EndGlobalSection
EndGlobal
